
Microsoft Visual Studio Solution File, Format Version 12.00
# Visual Studio Version 17
VisualStudioVersion = 17.4.33213.308
MinimumVisualStudioVersion = 10.0.40219.1
Project("{FAE04EC0-301F-11D3-BF4B-00C04F79EFBC}") = "ControlesPersonalizados", "ControlesPersonalizados\ControlesPersonalizados.csproj", "{C81A39DF-425C-4B16-A5FE-F7CBC616B9FF}"
EndProject
Global
	GlobalSection(SolutionConfigurationPlatforms) = preSolution
		Debug|Any CPU = Debug|Any CPU
		Release|Any CPU = Release|Any CPU
	EndGlobalSection
	GlobalSection(ProjectConfigurationPlatforms) = postSolution
		{C81A39DF-425C-4B16-A5FE-F7CBC616B9FF}.Debug|Any CPU.ActiveCfg = Debug|Any CPU
		{C81A39DF-425C-4B16-A5FE-F7CBC616B9FF}.Debug|Any CPU.Build.0 = Debug|Any CPU
		{C81A39DF-425C-4B16-A5FE-F7CBC616B9FF}.Release|Any CPU.ActiveCfg = Release|Any CPU
		{C81A39DF-425C-4B16-A5FE-F7CBC616B9FF}.Release|Any CPU.Build.0 = Release|Any CPU
	EndGlobalSection
	GlobalSection(SolutionProperties) = preSolution
		HideSolutionNode = FALSE
	EndGlobalSection
	GlobalSection(ExtensibilityGlobals) = postSolution
		SolutionGuid = {8E18FAE2-7135-4D78-BE63-866C004B8232}
	EndGlobalSection
EndGlobal
